// !$*UTF8*$!
{
	archiveVersion = 1;
	classes = {
	};
	objectVersion = 51;
	objects = {

/* Begin PBXBuildFile section */
		9C9BEBC325D0A0C100B5011D /* Utilities.swift in Sources */ = {isa = PBXBuildFile; fileRef = 9C9BEBC225D0A0C100B5011D /* Utilities.swift */; };
		9C9F3B1325D0EEE900E57CD0 /* Constants.swift in Sources */ = {isa = PBXBuildFile; fileRef = 9C9F3B1225D0EEE900E57CD0 /* Constants.swift */; };
		9CE3BECE25D08CAB00892DA3 /* AppDelegate.swift in Sources */ = {isa = PBXBuildFile; fileRef = 9CE3BECD25D08CAB00892DA3 /* AppDelegate.swift */; };
		9CE3BED025D08CAB00892DA3 /* SceneDelegate.swift in Sources */ = {isa = PBXBuildFile; fileRef = 9CE3BECF25D08CAB00892DA3 /* SceneDelegate.swift */; };
		9CE3BED225D08CAB00892DA3 /* ViewController.swift in Sources */ = {isa = PBXBuildFile; fileRef = 9CE3BED125D08CAB00892DA3 /* ViewController.swift */; };
		9CE3BED525D08CAB00892DA3 /* Main.storyboard in Resources */ = {isa = PBXBuildFile; fileRef = 9CE3BED325D08CAB00892DA3 /* Main.storyboard */; };
		9CE3BED725D08CAE00892DA3 /* Assets.xcassets in Resources */ = {isa = PBXBuildFile; fileRef = 9CE3BED625D08CAE00892DA3 /* Assets.xcassets */; };
		9CE3BEDA25D08CAE00892DA3 /* LaunchScreen.storyboard in Resources */ = {isa = PBXBuildFile; fileRef = 9CE3BED825D08CAE00892DA3 /* LaunchScreen.storyboard */; };
		9CE3BEE425D08E3100892DA3 /* GoogleService-Info.plist in Resources */ = {isa = PBXBuildFile; fileRef = 9CE3BEE325D08E3100892DA3 /* GoogleService-Info.plist */; };
		9CE3BF0125D0901300892DA3 /* SignUpViewController.swift in Sources */ = {isa = PBXBuildFile; fileRef = 9CE3BF0025D0901300892DA3 /* SignUpViewController.swift */; };
		9CE3BF0425D0902C00892DA3 /* LoginViewController.swift in Sources */ = {isa = PBXBuildFile; fileRef = 9CE3BF0325D0902C00892DA3 /* LoginViewController.swift */; };
		9CE3BF0725D0903800892DA3 /* HomeViewController.swift in Sources */ = {isa = PBXBuildFile; fileRef = 9CE3BF0625D0903800892DA3 /* HomeViewController.swift */; };
		D4D0835DFC8D32998F8E5C73 /* Pods_timesheetapp.framework in Frameworks */ = {isa = PBXBuildFile; fileRef = DE601415BC78447AEE502F80 /* Pods_timesheetapp.framework */; };
/* End PBXBuildFile section */

/* Begin PBXFileReference section */
		7BE816AC6068A683598AAD06 /* Pods-timesheetapp.release.xcconfig */ = {isa = PBXFileReference; includeInIndex = 1; lastKnownFileType = text.xcconfig; name = "Pods-timesheetapp.release.xcconfig"; path = "Target Support Files/Pods-timesheetapp/Pods-timesheetapp.release.xcconfig"; sourceTree = "<group>"; };
		9C9BEBC225D0A0C100B5011D /* Utilities.swift */ = {isa = PBXFileReference; fileEncoding = 4; lastKnownFileType = sourcecode.swift; path = Utilities.swift; sourceTree = "<group>"; };
		9C9F3B1225D0EEE900E57CD0 /* Constants.swift */ = {isa = PBXFileReference; lastKnownFileType = sourcecode.swift; path = Constants.swift; sourceTree = "<group>"; };
		9CE3BECA25D08CAB00892DA3 /* timesheetapp.app */ = {isa = PBXFileReference; explicitFileType = wrapper.application; includeInIndex = 0; path = timesheetapp.app; sourceTree = BUILT_PRODUCTS_DIR; };
		9CE3BECD25D08CAB00892DA3 /* AppDelegate.swift */ = {isa = PBXFileReference; lastKnownFileType = sourcecode.swift; path = AppDelegate.swift; sourceTree = "<group>"; };
		9CE3BECF25D08CAB00892DA3 /* SceneDelegate.swift */ = {isa = PBXFileReference; lastKnownFileType = sourcecode.swift; path = SceneDelegate.swift; sourceTree = "<group>"; };
		9CE3BED125D08CAB00892DA3 /* ViewController.swift */ = {isa = PBXFileReference; lastKnownFileType = sourcecode.swift; path = ViewController.swift; sourceTree = "<group>"; };
		9CE3BED425D08CAB00892DA3 /* Base */ = {isa = PBXFileReference; lastKnownFileType = file.storyboard; name = Base; path = Base.lproj/Main.storyboard; sourceTree = "<group>"; };
		9CE3BED625D08CAE00892DA3 /* Assets.xcassets */ = {isa = PBXFileReference; lastKnownFileType = folder.assetcatalog; path = Assets.xcassets; sourceTree = "<group>"; };
		9CE3BED925D08CAE00892DA3 /* Base */ = {isa = PBXFileReference; lastKnownFileType = file.storyboard; name = Base; path = Base.lproj/LaunchScreen.storyboard; sourceTree = "<group>"; };
		9CE3BEDB25D08CAE00892DA3 /* Info.plist */ = {isa = PBXFileReference; lastKnownFileType = text.plist.xml; path = Info.plist; sourceTree = "<group>"; };
		9CE3BEE325D08E3100892DA3 /* GoogleService-Info.plist */ = {isa = PBXFileReference; fileEncoding = 4; lastKnownFileType = text.plist.xml; path = "GoogleService-Info.plist"; sourceTree = "<group>"; };
		9CE3BF0025D0901300892DA3 /* SignUpViewController.swift */ = {isa = PBXFileReference; lastKnownFileType = sourcecode.swift; path = SignUpViewController.swift; sourceTree = "<group>"; };
		9CE3BF0325D0902C00892DA3 /* LoginViewController.swift */ = {isa = PBXFileReference; lastKnownFileType = sourcecode.swift; path = LoginViewController.swift; sourceTree = "<group>"; };
		9CE3BF0625D0903800892DA3 /* HomeViewController.swift */ = {isa = PBXFileReference; lastKnownFileType = sourcecode.swift; path = HomeViewController.swift; sourceTree = "<group>"; };
		B5BE4BBF23E3406ED9D2FE24 /* Pods-timesheetapp.debug.xcconfig */ = {isa = PBXFileReference; includeInIndex = 1; lastKnownFileType = text.xcconfig; name = "Pods-timesheetapp.debug.xcconfig"; path = "Target Support Files/Pods-timesheetapp/Pods-timesheetapp.debug.xcconfig"; sourceTree = "<group>"; };
		DE601415BC78447AEE502F80 /* Pods_timesheetapp.framework */ = {isa = PBXFileReference; explicitFileType = wrapper.framework; includeInIndex = 0; path = Pods_timesheetapp.framework; sourceTree = BUILT_PRODUCTS_DIR; };
/* End PBXFileReference section */

/* Begin PBXFrameworksBuildPhase section */
		9CE3BEC725D08CAB00892DA3 /* Frameworks */ = {
			isa = PBXFrameworksBuildPhase;
			buildActionMask = 2147483647;
			files = (
				D4D0835DFC8D32998F8E5C73 /* Pods_timesheetapp.framework in Frameworks */,
			);
			runOnlyForDeploymentPostprocessing = 0;
		};
/* End PBXFrameworksBuildPhase section */

/* Begin PBXGroup section */
		66FB8C5DB4C873A66A8DA876 /* Frameworks */ = {
			isa = PBXGroup;
			children = (
				DE601415BC78447AEE502F80 /* Pods_timesheetapp.framework */,
			);
			name = Frameworks;
			sourceTree = "<group>";
		};
		9C9BEBC525D0A0C400B5011D /* Helpers */ = {
			isa = PBXGroup;
			children = (
				9C9BEBC225D0A0C100B5011D /* Utilities.swift */,
				9C9F3B1225D0EEE900E57CD0 /* Constants.swift */,
			);
			path = Helpers;
			sourceTree = "<group>";
		};
		9C9F3B6925D241B900E57CD0 /* Storyboards */ = {
			isa = PBXGroup;
			children = (
				9CE3BED325D08CAB00892DA3 /* Main.storyboard */,
				9CE3BED825D08CAE00892DA3 /* LaunchScreen.storyboard */,
			);
			path = Storyboards;
			sourceTree = "<group>";
		};
		9CE3BEC125D08CAB00892DA3 = {
			isa = PBXGroup;
			children = (
				9CE3BECC25D08CAB00892DA3 /* timesheetapp */,
				9CE3BECB25D08CAB00892DA3 /* Products */,
				E4E83391E428D082A8130472 /* Pods */,
				66FB8C5DB4C873A66A8DA876 /* Frameworks */,
			);
			sourceTree = "<group>";
		};
		9CE3BECB25D08CAB00892DA3 /* Products */ = {
			isa = PBXGroup;
			children = (
				9CE3BECA25D08CAB00892DA3 /* timesheetapp.app */,
			);
			name = Products;
			sourceTree = "<group>";
		};
		9CE3BECC25D08CAB00892DA3 /* timesheetapp */ = {
			isa = PBXGroup;
			children = (
				9CE3BECD25D08CAB00892DA3 /* AppDelegate.swift */,
				9CE3BECF25D08CAB00892DA3 /* SceneDelegate.swift */,
				9C9F3B6925D241B900E57CD0 /* Storyboards */,
				9C9BEBC525D0A0C400B5011D /* Helpers */,
				9CE3BF0925D0903B00892DA3 /* ViewControllers */,
				9CE3BED625D08CAE00892DA3 /* Assets.xcassets */,
				9CE3BEE325D08E3100892DA3 /* GoogleService-Info.plist */,
				9CE3BEDB25D08CAE00892DA3 /* Info.plist */,
			);
			path = timesheetapp;
			sourceTree = "<group>";
		};
		9CE3BF0925D0903B00892DA3 /* ViewControllers */ = {
			isa = PBXGroup;
			children = (
				9CE3BED125D08CAB00892DA3 /* ViewController.swift */,
				9CE3BF0025D0901300892DA3 /* SignUpViewController.swift */,
				9CE3BF0325D0902C00892DA3 /* LoginViewController.swift */,
				9CE3BF0625D0903800892DA3 /* HomeViewController.swift */,
			);
			path = ViewControllers;
			sourceTree = "<group>";
		};
		E4E83391E428D082A8130472 /* Pods */ = {
			isa = PBXGroup;
			children = (
				B5BE4BBF23E3406ED9D2FE24 /* Pods-timesheetapp.debug.xcconfig */,
				7BE816AC6068A683598AAD06 /* Pods-timesheetapp.release.xcconfig */,
			);
			path = Pods;
			sourceTree = "<group>";
		};
/* End PBXGroup section */

/* Begin PBXNativeTarget section */
		9CE3BEC925D08CAB00892DA3 /* timesheetapp */ = {
			isa = PBXNativeTarget;
			buildConfigurationList = 9CE3BEDE25D08CAE00892DA3 /* Build configuration list for PBXNativeTarget "timesheetapp" */;
			buildPhases = (
				228B1CA4C0F9543BBC4B9F84 /* [CP] Check Pods Manifest.lock */,
				9CE3BEC625D08CAB00892DA3 /* Sources */,
				9CE3BEC725D08CAB00892DA3 /* Frameworks */,
				9CE3BEC825D08CAB00892DA3 /* Resources */,
				CF0FCEC2CC7DB3A159E6C13A /* [CP] Embed Pods Frameworks */,
			);
			buildRules = (
			);
			dependencies = (
			);
			name = timesheetapp;
			productName = timesheetapp;
			productReference = 9CE3BECA25D08CAB00892DA3 /* timesheetapp.app */;
			productType = "com.apple.product-type.application";
		};
/* End PBXNativeTarget section */

/* Begin PBXProject section */
		9CE3BEC225D08CAB00892DA3 /* Project object */ = {
			isa = PBXProject;
			attributes = {
				LastSwiftUpdateCheck = 1240;
				LastUpgradeCheck = 1240;
				TargetAttributes = {
					9CE3BEC925D08CAB00892DA3 = {
						CreatedOnToolsVersion = 12.4;
					};
				};
			};
			buildConfigurationList = 9CE3BEC525D08CAB00892DA3 /* Build configuration list for PBXProject "timesheetapp" */;
			compatibilityVersion = "Xcode 9.3";
			developmentRegion = en;
			hasScannedForEncodings = 0;
			knownRegions = (
				en,
				Base,
			);
			mainGroup = 9CE3BEC125D08CAB00892DA3;
			productRefGroup = 9CE3BECB25D08CAB00892DA3 /* Products */;
			projectDirPath = "";
			projectRoot = "";
			targets = (
				9CE3BEC925D08CAB00892DA3 /* timesheetapp */,
			);
		};
/* End PBXProject section */

/* Begin PBXResourcesBuildPhase section */
		9CE3BEC825D08CAB00892DA3 /* Resources */ = {
			isa = PBXResourcesBuildPhase;
			buildActionMask = 2147483647;
			files = (
				9CE3BEDA25D08CAE00892DA3 /* LaunchScreen.storyboard in Resources */,
				9CE3BEE425D08E3100892DA3 /* GoogleService-Info.plist in Resources */,
				9CE3BED725D08CAE00892DA3 /* Assets.xcassets in Resources */,
				9CE3BED525D08CAB00892DA3 /* Main.storyboard in Resources */,
			);
			runOnlyForDeploymentPostprocessing = 0;
		};
/* End PBXResourcesBuildPhase section */

/* Begin PBXShellScriptBuildPhase section */
		228B1CA4C0F9543BBC4B9F84 /* [CP] Check Pods Manifest.lock */ = {
			isa = PBXShellScriptBuildPhase;
			buildActionMask = 2147483647;
			files = (
			);
			inputFileListPaths = (
			);
			inputPaths = (
				"${PODS_PODFILE_DIR_PATH}/Podfile.lock",
				"${PODS_ROOT}/Manifest.lock",
			);
			name = "[CP] Check Pods Manifest.lock";
			outputFileListPaths = (
			);
			outputPaths = (
				"$(DERIVED_FILE_DIR)/Pods-timesheetapp-checkManifestLockResult.txt",
			);
			runOnlyForDeploymentPostprocessing = 0;
			shellPath = /bin/sh;
			shellScript = "diff \"${PODS_PODFILE_DIR_PATH}/Podfile.lock\" \"${PODS_ROOT}/Manifest.lock\" > /dev/null\nif [ $? != 0 ] ; then\n    # print error to STDERR\n    echo \"error: The sandbox is not in sync with the Podfile.lock. Run 'pod install' or update your CocoaPods installation.\" >&2\n    exit 1\nfi\n# This output is used by Xcode 'outputs' to avoid re-running this script phase.\necho \"SUCCESS\" > \"${SCRIPT_OUTPUT_FILE_0}\"\n";
			showEnvVarsInLog = 0;
		};
		CF0FCEC2CC7DB3A159E6C13A /* [CP] Embed Pods Frameworks */ = {
			isa = PBXShellScriptBuildPhase;
			buildActionMask = 2147483647;
			files = (
			);
			inputFileListPaths = (
				"${PODS_ROOT}/Target Support Files/Pods-timesheetapp/Pods-timesheetapp-frameworks-${CONFIGURATION}-input-files.xcfilelist",
			);
			name = "[CP] Embed Pods Frameworks";
			outputFileListPaths = (
				"${PODS_ROOT}/Target Support Files/Pods-timesheetapp/Pods-timesheetapp-frameworks-${CONFIGURATION}-output-files.xcfilelist",
			);
			runOnlyForDeploymentPostprocessing = 0;
			shellPath = /bin/sh;
			shellScript = "\"${PODS_ROOT}/Target Support Files/Pods-timesheetapp/Pods-timesheetapp-frameworks.sh\"\n";
			showEnvVarsInLog = 0;
		};
/* End PBXShellScriptBuildPhase section */

/* Begin PBXSourcesBuildPhase section */
		9CE3BEC625D08CAB00892DA3 /* Sources */ = {
			isa = PBXSourcesBuildPhase;
			buildActionMask = 2147483647;
			files = (
				9CE3BED225D08CAB00892DA3 /* ViewController.swift in Sources */,
				9CE3BECE25D08CAB00892DA3 /* AppDelegate.swift in Sources */,
				9C9BEBC325D0A0C100B5011D /* Utilities.swift in Sources */,
				9CE3BF0125D0901300892DA3 /* SignUpViewController.swift in Sources */,
				9CE3BF0425D0902C00892DA3 /* LoginViewController.swift in Sources */,
				9CE3BED025D08CAB00892DA3 /* SceneDelegate.swift in Sources */,
				9CE3BF0725D0903800892DA3 /* HomeViewController.swift in Sources */,
				9C9F3B1325D0EEE900E57CD0 /* Constants.swift in Sources */,
			);
			runOnlyForDeploymentPostprocessing = 0;
		};
/* End PBXSourcesBuildPhase section */

/* Begin PBXVariantGroup section */
		9CE3BED325D08CAB00892DA3 /* Main.storyboard */ = {
			isa = PBXVariantGroup;
			children = (
				9CE3BED425D08CAB00892DA3 /* Base */,
			);
			name = Main.storyboard;
			sourceTree = "<group>";
		};
		9CE3BED825D08CAE00892DA3 /* LaunchScreen.storyboard */ = {
			isa = PBXVariantGroup;
			children = (
				9CE3BED925D08CAE00892DA3 /* Base */,
			);
			name = LaunchScreen.storyboard;
			sourceTree = "<group>";
		};
/* End PBXVariantGroup section */

/* Begin XCBuildConfiguration section */
		9CE3BEDC25D08CAE00892DA3 /* Debug */ = {
			isa = XCBuildConfiguration;
			buildSettings = {
				ALWAYS_SEARCH_USER_PATHS = NO;
				CLANG_ANALYZER_NONNULL = YES;
				CLANG_ANALYZER_NUMBER_OBJECT_CONVERSION = YES_AGGRESSIVE;
				CLANG_CXX_LANGUAGE_STANDARD = "gnu++14";
				CLANG_CXX_LIBRARY = "libc++";
				CLANG_ENABLE_MODULES = YES;
				CLANG_ENABLE_OBJC_ARC = YES;
				CLANG_ENABLE_OBJC_WEAK = YES;
				CLANG_WARN_BLOCK_CAPTURE_AUTORELEASING = YES;
				CLANG_WARN_BOOL_CONVERSION = YES;
				CLANG_WARN_COMMA = YES;
				CLANG_WARN_CONSTANT_CONVERSION = YES;
				CLANG_WARN_DEPRECATED_OBJC_IMPLEMENTATIONS = YES;
				CLANG_WARN_DIRECT_OBJC_ISA_USAGE = YES_ERROR;
				CLANG_WARN_DOCUMENTATION_COMMENTS = YES;
				CLANG_WARN_EMPTY_BODY = YES;
				CLANG_WARN_ENUM_CONVERSION = YES;
				CLANG_WARN_INFINITE_RECURSION = YES;
				CLANG_WARN_INT_CONVERSION = YES;
				CLANG_WARN_NON_LITERAL_NULL_CONVERSION = YES;
				CLANG_WARN_OBJC_IMPLICIT_RETAIN_SELF = YES;
				CLANG_WARN_OBJC_LITERAL_CONVERSION = YES;
				CLANG_WARN_OBJC_ROOT_CLASS = YES_ERROR;
				CLANG_WARN_QUOTED_INCLUDE_IN_FRAMEWORK_HEADER = YES;
				CLANG_WARN_RANGE_LOOP_ANALYSIS = YES;
				CLANG_WARN_STRICT_PROTOTYPES = YES;
				CLANG_WARN_SUSPICIOUS_MOVE = YES;
				CLANG_WARN_UNGUARDED_AVAILABILITY = YES_AGGRESSIVE;
				CLANG_WARN_UNREACHABLE_CODE = YES;
				CLANG_WARN__DUPLICATE_METHOD_MATCH = YES;
				COPY_PHASE_STRIP = NO;
				DEBUG_INFORMATION_FORMAT = dwarf;
				ENABLE_STRICT_OBJC_MSGSEND = YES;
				ENABLE_TESTABILITY = YES;
				GCC_C_LANGUAGE_STANDARD = gnu11;
				GCC_DYNAMIC_NO_PIC = NO;
				GCC_NO_COMMON_BLOCKS = YES;
				GCC_OPTIMIZATION_LEVEL = 0;
				GCC_PREPROCESSOR_DEFINITIONS = (
					"DEBUG=1",
					"$(inherited)",
				);
				GCC_WARN_64_TO_32_BIT_CONVERSION = YES;
				GCC_WARN_ABOUT_RETURN_TYPE = YES_ERROR;
				GCC_WARN_UNDECLARED_SELECTOR = YES;
				GCC_WARN_UNINITIALIZED_AUTOS = YES_AGGRESSIVE;
				GCC_WARN_UNUSED_FUNCTION = YES;
				GCC_WARN_UNUSED_VARIABLE = YES;
				IPHONEOS_DEPLOYMENT_TARGET = 14.4;
				MTL_ENABLE_DEBUG_INFO = INCLUDE_SOURCE;
				MTL_FAST_MATH = YES;
				ONLY_ACTIVE_ARCH = YES;
				SDKROOT = iphoneos;
				SWIFT_ACTIVE_COMPILATION_CONDITIONS = DEBUG;
				SWIFT_OPTIMIZATION_LEVEL = "-Onone";
			};
			name = Debug;
		};
		9CE3BEDD25D08CAE00892DA3 /* Release */ = {
			isa = XCBuildConfiguration;
			buildSettings = {
				ALWAYS_SEARCH_USER_PATHS = NO;
				CLANG_ANALYZER_NONNULL = YES;
				CLANG_ANALYZER_NUMBER_OBJECT_CONVERSION = YES_AGGRESSIVE;
				CLANG_CXX_LANGUAGE_STANDARD = "gnu++14";
				CLANG_CXX_LIBRARY = "libc++";
				CLANG_ENABLE_MODULES = YES;
				CLANG_ENABLE_OBJC_ARC = YES;
				CLANG_ENABLE_OBJC_WEAK = YES;
				CLANG_WARN_BLOCK_CAPTURE_AUTORELEASING = YES;
				CLANG_WARN_BOOL_CONVERSION = YES;
				CLANG_WARN_COMMA = YES;
				CLANG_WARN_CONSTANT_CONVERSION = YES;
				CLANG_WARN_DEPRECATED_OBJC_IMPLEMENTATIONS = YES;
				CLANG_WARN_DIRECT_OBJC_ISA_USAGE = YES_ERROR;
				CLANG_WARN_DOCUMENTATION_COMMENTS = YES;
				CLANG_WARN_EMPTY_BODY = YES;
				CLANG_WARN_ENUM_CONVERSION = YES;
				CLANG_WARN_INFINITE_RECURSION = YES;
				CLANG_WARN_INT_CONVERSION = YES;
				CLANG_WARN_NON_LITERAL_NULL_CONVERSION = YES;
				CLANG_WARN_OBJC_IMPLICIT_RETAIN_SELF = YES;
				CLANG_WARN_OBJC_LITERAL_CONVERSION = YES;
				CLANG_WARN_OBJC_ROOT_CLASS = YES_ERROR;
				CLANG_WARN_QUOTED_INCLUDE_IN_FRAMEWORK_HEADER = YES;
				CLANG_WARN_RANGE_LOOP_ANALYSIS = YES;
				CLANG_WARN_STRICT_PROTOTYPES = YES;
				CLANG_WARN_SUSPICIOUS_MOVE = YES;
				CLANG_WARN_UNGUARDED_AVAILABILITY = YES_AGGRESSIVE;
				CLANG_WARN_UNREACHABLE_CODE = YES;
				CLANG_WARN__DUPLICATE_METHOD_MATCH = YES;
				COPY_PHASE_STRIP = NO;
				DEBUG_INFORMATION_FORMAT = "dwarf-with-dsym";
				ENABLE_NS_ASSERTIONS = NO;
				ENABLE_STRICT_OBJC_MSGSEND = YES;
				GCC_C_LANGUAGE_STANDARD = gnu11;
				GCC_NO_COMMON_BLOCKS = YES;
				GCC_WARN_64_TO_32_BIT_CONVERSION = YES;
				GCC_WARN_ABOUT_RETURN_TYPE = YES_ERROR;
				GCC_WARN_UNDECLARED_SELECTOR = YES;
				GCC_WARN_UNINITIALIZED_AUTOS = YES_AGGRESSIVE;
				GCC_WARN_UNUSED_FUNCTION = YES;
				GCC_WARN_UNUSED_VARIABLE = YES;
				IPHONEOS_DEPLOYMENT_TARGET = 14.4;
				MTL_ENABLE_DEBUG_INFO = NO;
				MTL_FAST_MATH = YES;
				SDKROOT = iphoneos;
				SWIFT_COMPILATION_MODE = wholemodule;
				SWIFT_OPTIMIZATION_LEVEL = "-O";
				VALIDATE_PRODUCT = YES;
			};
			name = Release;
		};
		9CE3BEDF25D08CAE00892DA3 /* Debug */ = {
			isa = XCBuildConfiguration;
			baseConfigurationReference = B5BE4BBF23E3406ED9D2FE24 /* Pods-timesheetapp.debug.xcconfig */;
			buildSettings = {
				ASSETCATALOG_COMPILER_APPICON_NAME = AppIcon;
				ASSETCATALOG_COMPILER_GLOBAL_ACCENT_COLOR_NAME = AccentColor;
				CODE_SIGN_STYLE = Automatic;
				DEVELOPMENT_TEAM = 7UWTY6S3ZC;
				INFOPLIST_FILE = timesheetapp/Info.plist;
				LD_RUNPATH_SEARCH_PATHS = (
					"$(inherited)",
					"@executable_path/Frameworks",
				);
				PRODUCT_BUNDLE_IDENTIFIER = com.tikalestari.timesheetapp;
				PRODUCT_NAME = "$(TARGET_NAME)";
				SWIFT_VERSION = 5.0;
				TARGETED_DEVICE_FAMILY = "1,2";
			};
			name = Debug;
		};
		9CE3BEE025D08CAE00892DA3 /* Release */ = {
			isa = XCBuildConfiguration;
			baseConfigurationReference = 7BE816AC6068A683598AAD06 /* Pods-timesheetapp.release.xcconfig */;
			buildSettings = {
				ASSETCATALOG_COMPILER_APPICON_NAME = AppIcon;
				ASSETCATALOG_COMPILER_GLOBAL_ACCENT_COLOR_NAME = AccentColor;
				CODE_SIGN_STYLE = Automatic;
				DEVELOPMENT_TEAM = 7UWTY6S3ZC;
				INFOPLIST_FILE = timesheetapp/Info.plist;
				LD_RUNPATH_SEARCH_PATHS = (
					"$(inherited)",
					"@executable_path/Frameworks",
				);
				PRODUCT_BUNDLE_IDENTIFIER = com.tikalestari.timesheetapp;
				PRODUCT_NAME = "$(TARGET_NAME)";
				SWIFT_VERSION = 5.0;
				TARGETED_DEVICE_FAMILY = "1,2";
			};
			name = Release;
		};
/* End XCBuildConfiguration section */

/* Begin XCConfigurationList section */
		9CE3BEC525D08CAB00892DA3 /* Build configuration list for PBXProject "timesheetapp" */ = {
			isa = XCConfigurationList;
			buildConfigurations = (
				9CE3BEDC25D08CAE00892DA3 /* Debug */,
				9CE3BEDD25D08CAE00892DA3 /* Release */,
			);
			defaultConfigurationIsVisible = 0;
			defaultConfigurationName = Release;
		};
		9CE3BEDE25D08CAE00892DA3 /* Build configuration list for PBXNativeTarget "timesheetapp" */ = {
			isa = XCConfigurationList;
			buildConfigurations = (
				9CE3BEDF25D08CAE00892DA3 /* Debug */,
				9CE3BEE025D08CAE00892DA3 /* Release */,
			);
			defaultConfigurationIsVisible = 0;
			defaultConfigurationName = Release;
		};
/* End XCConfigurationList section */
	};
	rootObject = 9CE3BEC225D08CAB00892DA3 /* Project object */;
}
